
Microsoft Visual Studio Solution File, Format Version 12.00
Project("{2150E333-8FDC-42A3-9474-1A3956D46DE8}") = "src", "src", "{EE2FF244-037F-4A11-A8C5-AE6F5D1FA38A}"
EndProject
Project("{2150E333-8FDC-42A3-9474-1A3956D46DE8}") = "API", "API", "{D80AA1BA-1E52-4AE1-99D4-953F74741956}"
EndProject
Project("{2150E333-8FDC-42A3-9474-1A3956D46DE8}") = "Core", "Core", "{17A87872-E6FE-405B-9C04-952252DEBBEC}"
EndProject
Project("{2150E333-8FDC-42A3-9474-1A3956D46DE8}") = "Infrastructure", "Infrastructure", "{6E5786D6-ED69-459B-BF25-0A04C86C2F6A}"
EndProject
Project("{2150E333-8FDC-42A3-9474-1A3956D46DE8}") = "UI", "UI", "{8D57859C-7DBF-4160-87B2-9293660DE9FF}"
EndProject
Project("{FAE04EC0-301F-11D3-BF4B-00C04F79EFBC}") = "MW.API", "MW.API\MW.API.csproj", "{55534FCB-2A72-416C-9651-018467739E39}"
EndProject
Project("{2150E333-8FDC-42A3-9474-1A3956D46DE8}") = "Application", "Application", "{A2134C61-72FB-4463-ABA6-86CD60CD4722}"
EndProject
Project("{2150E333-8FDC-42A3-9474-1A3956D46DE8}") = "Domain", "Domain", "{1D73B310-DEAD-470C-AACF-CFF28F781109}"
EndProject
Project("{FAE04EC0-301F-11D3-BF4B-00C04F79EFBC}") = "MW.Identity", "MW.Identity\MW.Identity.csproj", "{04CF7C6C-4E4C-4733-BF2B-34B33F414057}"
EndProject
Project("{FAE04EC0-301F-11D3-BF4B-00C04F79EFBC}") = "MW.Infrastructure", "MW.Infrastructure\MW.Infrastructure.csproj", "{01EF9EFD-3092-4A11-89E5-8327C1590507}"
EndProject
Project("{FAE04EC0-301F-11D3-BF4B-00C04F79EFBC}") = "MW.Application", "MW.Application\MW.Application.csproj", "{B8C44DBF-2946-4450-8EF0-EEDA0E06A53F}"
EndProject
Project("{FAE04EC0-301F-11D3-BF4B-00C04F79EFBC}") = "MW.Domain", "MW.Domain\MW.Domain.csproj", "{66B43A28-CDDD-4516-AF7A-A591A6597675}"
EndProject
Global
	GlobalSection(SolutionConfigurationPlatforms) = preSolution
		Debug|Any CPU = Debug|Any CPU
		Release|Any CPU = Release|Any CPU
	EndGlobalSection
	GlobalSection(ProjectConfigurationPlatforms) = postSolution
		{55534FCB-2A72-416C-9651-018467739E39}.Debug|Any CPU.ActiveCfg = Debug|Any CPU
		{55534FCB-2A72-416C-9651-018467739E39}.Debug|Any CPU.Build.0 = Debug|Any CPU
		{55534FCB-2A72-416C-9651-018467739E39}.Release|Any CPU.ActiveCfg = Release|Any CPU
		{55534FCB-2A72-416C-9651-018467739E39}.Release|Any CPU.Build.0 = Release|Any CPU
		{04CF7C6C-4E4C-4733-BF2B-34B33F414057}.Debug|Any CPU.ActiveCfg = Debug|Any CPU
		{04CF7C6C-4E4C-4733-BF2B-34B33F414057}.Debug|Any CPU.Build.0 = Debug|Any CPU
		{04CF7C6C-4E4C-4733-BF2B-34B33F414057}.Release|Any CPU.ActiveCfg = Release|Any CPU
		{04CF7C6C-4E4C-4733-BF2B-34B33F414057}.Release|Any CPU.Build.0 = Release|Any CPU
		{01EF9EFD-3092-4A11-89E5-8327C1590507}.Debug|Any CPU.ActiveCfg = Debug|Any CPU
		{01EF9EFD-3092-4A11-89E5-8327C1590507}.Debug|Any CPU.Build.0 = Debug|Any CPU
		{01EF9EFD-3092-4A11-89E5-8327C1590507}.Release|Any CPU.ActiveCfg = Release|Any CPU
		{01EF9EFD-3092-4A11-89E5-8327C1590507}.Release|Any CPU.Build.0 = Release|Any CPU
		{B8C44DBF-2946-4450-8EF0-EEDA0E06A53F}.Debug|Any CPU.ActiveCfg = Debug|Any CPU
		{B8C44DBF-2946-4450-8EF0-EEDA0E06A53F}.Debug|Any CPU.Build.0 = Debug|Any CPU
		{B8C44DBF-2946-4450-8EF0-EEDA0E06A53F}.Release|Any CPU.ActiveCfg = Release|Any CPU
		{B8C44DBF-2946-4450-8EF0-EEDA0E06A53F}.Release|Any CPU.Build.0 = Release|Any CPU
		{66B43A28-CDDD-4516-AF7A-A591A6597675}.Debug|Any CPU.ActiveCfg = Debug|Any CPU
		{66B43A28-CDDD-4516-AF7A-A591A6597675}.Debug|Any CPU.Build.0 = Debug|Any CPU
		{66B43A28-CDDD-4516-AF7A-A591A6597675}.Release|Any CPU.ActiveCfg = Release|Any CPU
		{66B43A28-CDDD-4516-AF7A-A591A6597675}.Release|Any CPU.Build.0 = Release|Any CPU
	EndGlobalSection
	GlobalSection(NestedProjects) = preSolution
		{D80AA1BA-1E52-4AE1-99D4-953F74741956} = {EE2FF244-037F-4A11-A8C5-AE6F5D1FA38A}
		{17A87872-E6FE-405B-9C04-952252DEBBEC} = {EE2FF244-037F-4A11-A8C5-AE6F5D1FA38A}
		{6E5786D6-ED69-459B-BF25-0A04C86C2F6A} = {EE2FF244-037F-4A11-A8C5-AE6F5D1FA38A}
		{8D57859C-7DBF-4160-87B2-9293660DE9FF} = {EE2FF244-037F-4A11-A8C5-AE6F5D1FA38A}
		{55534FCB-2A72-416C-9651-018467739E39} = {D80AA1BA-1E52-4AE1-99D4-953F74741956}
		{A2134C61-72FB-4463-ABA6-86CD60CD4722} = {17A87872-E6FE-405B-9C04-952252DEBBEC}
		{1D73B310-DEAD-470C-AACF-CFF28F781109} = {17A87872-E6FE-405B-9C04-952252DEBBEC}
		{04CF7C6C-4E4C-4733-BF2B-34B33F414057} = {6E5786D6-ED69-459B-BF25-0A04C86C2F6A}
		{01EF9EFD-3092-4A11-89E5-8327C1590507} = {6E5786D6-ED69-459B-BF25-0A04C86C2F6A}
		{B8C44DBF-2946-4450-8EF0-EEDA0E06A53F} = {A2134C61-72FB-4463-ABA6-86CD60CD4722}
		{66B43A28-CDDD-4516-AF7A-A591A6597675} = {1D73B310-DEAD-470C-AACF-CFF28F781109}
	EndGlobalSection
EndGlobal
